
Microsoft Visual Studio Solution File, Format Version 12.00
# Visual Studio 15
VisualStudioVersion = 15.0.26430.6
MinimumVisualStudioVersion = 10.0.40219.1
Project("{FAE04EC0-301F-11D3-BF4B-00C04F79EFBC}") = "CommandRe.Domain", "CommandRe.Domain\CommandRe.Domain.csproj", "{63338AF9-5B0F-4959-953B-548815389E29}"
EndProject
Project("{FAE04EC0-301F-11D3-BF4B-00C04F79EFBC}") = "CommandRe.Data", "CommandRe.Data\CommandRe.Data.csproj", "{B1282B05-3310-4EC6-B434-EA7C27C3785D}"
EndProject
Project("{FAE04EC0-301F-11D3-BF4B-00C04F79EFBC}") = "OnlineStore.Data", "OnlineStore.Data\OnlineStore.Data.csproj", "{3E629ABA-C38F-4AFB-985F-DE4AA468D0C6}"
EndProject
Project("{FAE04EC0-301F-11D3-BF4B-00C04F79EFBC}") = "OnlineStore.Domain", "OnlineStore.Domain\OnlineStore.Domain.csproj", "{B4BE6EB5-A5C5-4239-A54A-0F2F34462E75}"
EndProject
Project("{FAE04EC0-301F-11D3-BF4B-00C04F79EFBC}") = "OnlineStore.API", "OnlineStore.API\OnlineStore.API.csproj", "{7B9D16FE-BB8D-40E3-9216-1B5EFF798D63}"
EndProject
Project("{2150E333-8FDC-42A3-9474-1A3956D46DE8}") = "CommandRe", "CommandRe", "{AA55DF9D-9161-4A07-A79D-E84A9C190843}"
EndProject
Project("{2150E333-8FDC-42A3-9474-1A3956D46DE8}") = "OnlineStore", "OnlineStore", "{7507EDDB-F4C9-4651-BE5F-CBD8E5275C25}"
EndProject
Project("{FAE04EC0-301F-11D3-BF4B-00C04F79EFBC}") = "CommandRe.API", "CommandRe.API\CommandRe.API.csproj", "{C4B401E4-9DC6-44CD-9F10-3CC4D150735F}"
EndProject
Project("{FAE04EC0-301F-11D3-BF4B-00C04F79EFBC}") = "CommandRe.ClientSdk", "CommandRe.ClientSdk\CommandRe.ClientSdk.csproj", "{23B1D4C7-9114-41A0-9C57-571D67975BF3}"
EndProject
Project("{9A19103F-16F7-4668-BE54-9A1E7A4F7556}") = "OnlineStore.Spa", "OnlineStore.Spa\OnlineStore.Spa.csproj", "{CC9B7F18-0478-452C-AF8C-A7912177C7F3}"
EndProject
Project("{FAE04EC0-301F-11D3-BF4B-00C04F79EFBC}") = "OnlineStore.DataLoader", "OnlineStore.DataLoader\OnlineStore.DataLoader.csproj", "{8151169D-6947-4073-8B20-D02FD022F619}"
EndProject
Project("{2150E333-8FDC-42A3-9474-1A3956D46DE8}") = "CommandRe.POC", "CommandRe.POC", "{A2990431-FD18-4941-9074-30E74B628BD2}"
EndProject
Project("{FAE04EC0-301F-11D3-BF4B-00C04F79EFBC}") = "CommandRe.POC", "CommandRe.POC\CommandRe.POC.csproj", "{BDEF76AB-A3D1-4D0F-9366-77A4BD4744FF}"
EndProject
Global
	GlobalSection(SolutionConfigurationPlatforms) = preSolution
		Debug|Any CPU = Debug|Any CPU
		Release|Any CPU = Release|Any CPU
	EndGlobalSection
	GlobalSection(ProjectConfigurationPlatforms) = postSolution
		{63338AF9-5B0F-4959-953B-548815389E29}.Debug|Any CPU.ActiveCfg = Debug|Any CPU
		{63338AF9-5B0F-4959-953B-548815389E29}.Debug|Any CPU.Build.0 = Debug|Any CPU
		{63338AF9-5B0F-4959-953B-548815389E29}.Release|Any CPU.ActiveCfg = Release|Any CPU
		{63338AF9-5B0F-4959-953B-548815389E29}.Release|Any CPU.Build.0 = Release|Any CPU
		{B1282B05-3310-4EC6-B434-EA7C27C3785D}.Debug|Any CPU.ActiveCfg = Debug|Any CPU
		{B1282B05-3310-4EC6-B434-EA7C27C3785D}.Debug|Any CPU.Build.0 = Debug|Any CPU
		{B1282B05-3310-4EC6-B434-EA7C27C3785D}.Release|Any CPU.ActiveCfg = Release|Any CPU
		{B1282B05-3310-4EC6-B434-EA7C27C3785D}.Release|Any CPU.Build.0 = Release|Any CPU
		{3E629ABA-C38F-4AFB-985F-DE4AA468D0C6}.Debug|Any CPU.ActiveCfg = Debug|Any CPU
		{3E629ABA-C38F-4AFB-985F-DE4AA468D0C6}.Debug|Any CPU.Build.0 = Debug|Any CPU
		{3E629ABA-C38F-4AFB-985F-DE4AA468D0C6}.Release|Any CPU.ActiveCfg = Release|Any CPU
		{3E629ABA-C38F-4AFB-985F-DE4AA468D0C6}.Release|Any CPU.Build.0 = Release|Any CPU
		{B4BE6EB5-A5C5-4239-A54A-0F2F34462E75}.Debug|Any CPU.ActiveCfg = Debug|Any CPU
		{B4BE6EB5-A5C5-4239-A54A-0F2F34462E75}.Debug|Any CPU.Build.0 = Debug|Any CPU
		{B4BE6EB5-A5C5-4239-A54A-0F2F34462E75}.Release|Any CPU.ActiveCfg = Release|Any CPU
		{B4BE6EB5-A5C5-4239-A54A-0F2F34462E75}.Release|Any CPU.Build.0 = Release|Any CPU
		{7B9D16FE-BB8D-40E3-9216-1B5EFF798D63}.Debug|Any CPU.ActiveCfg = Debug|Any CPU
		{7B9D16FE-BB8D-40E3-9216-1B5EFF798D63}.Debug|Any CPU.Build.0 = Debug|Any CPU
		{7B9D16FE-BB8D-40E3-9216-1B5EFF798D63}.Release|Any CPU.ActiveCfg = Release|Any CPU
		{7B9D16FE-BB8D-40E3-9216-1B5EFF798D63}.Release|Any CPU.Build.0 = Release|Any CPU
		{C4B401E4-9DC6-44CD-9F10-3CC4D150735F}.Debug|Any CPU.ActiveCfg = Debug|Any CPU
		{C4B401E4-9DC6-44CD-9F10-3CC4D150735F}.Debug|Any CPU.Build.0 = Debug|Any CPU
		{C4B401E4-9DC6-44CD-9F10-3CC4D150735F}.Release|Any CPU.ActiveCfg = Release|Any CPU
		{C4B401E4-9DC6-44CD-9F10-3CC4D150735F}.Release|Any CPU.Build.0 = Release|Any CPU
		{23B1D4C7-9114-41A0-9C57-571D67975BF3}.Debug|Any CPU.ActiveCfg = Debug|Any CPU
		{23B1D4C7-9114-41A0-9C57-571D67975BF3}.Debug|Any CPU.Build.0 = Debug|Any CPU
		{23B1D4C7-9114-41A0-9C57-571D67975BF3}.Release|Any CPU.ActiveCfg = Release|Any CPU
		{23B1D4C7-9114-41A0-9C57-571D67975BF3}.Release|Any CPU.Build.0 = Release|Any CPU
		{CC9B7F18-0478-452C-AF8C-A7912177C7F3}.Debug|Any CPU.ActiveCfg = Debug|Any CPU
		{CC9B7F18-0478-452C-AF8C-A7912177C7F3}.Debug|Any CPU.Build.0 = Debug|Any CPU
		{CC9B7F18-0478-452C-AF8C-A7912177C7F3}.Release|Any CPU.ActiveCfg = Release|Any CPU
		{CC9B7F18-0478-452C-AF8C-A7912177C7F3}.Release|Any CPU.Build.0 = Release|Any CPU
		{8151169D-6947-4073-8B20-D02FD022F619}.Debug|Any CPU.ActiveCfg = Debug|Any CPU
		{8151169D-6947-4073-8B20-D02FD022F619}.Debug|Any CPU.Build.0 = Debug|Any CPU
		{8151169D-6947-4073-8B20-D02FD022F619}.Release|Any CPU.ActiveCfg = Release|Any CPU
		{8151169D-6947-4073-8B20-D02FD022F619}.Release|Any CPU.Build.0 = Release|Any CPU
		{BDEF76AB-A3D1-4D0F-9366-77A4BD4744FF}.Debug|Any CPU.ActiveCfg = Debug|Any CPU
		{BDEF76AB-A3D1-4D0F-9366-77A4BD4744FF}.Debug|Any CPU.Build.0 = Debug|Any CPU
		{BDEF76AB-A3D1-4D0F-9366-77A4BD4744FF}.Release|Any CPU.ActiveCfg = Release|Any CPU
		{BDEF76AB-A3D1-4D0F-9366-77A4BD4744FF}.Release|Any CPU.Build.0 = Release|Any CPU
	EndGlobalSection
	GlobalSection(SolutionProperties) = preSolution
		HideSolutionNode = FALSE
	EndGlobalSection
	GlobalSection(NestedProjects) = preSolution
		{63338AF9-5B0F-4959-953B-548815389E29} = {AA55DF9D-9161-4A07-A79D-E84A9C190843}
		{B1282B05-3310-4EC6-B434-EA7C27C3785D} = {AA55DF9D-9161-4A07-A79D-E84A9C190843}
		{3E629ABA-C38F-4AFB-985F-DE4AA468D0C6} = {7507EDDB-F4C9-4651-BE5F-CBD8E5275C25}
		{B4BE6EB5-A5C5-4239-A54A-0F2F34462E75} = {7507EDDB-F4C9-4651-BE5F-CBD8E5275C25}
		{7B9D16FE-BB8D-40E3-9216-1B5EFF798D63} = {7507EDDB-F4C9-4651-BE5F-CBD8E5275C25}
		{C4B401E4-9DC6-44CD-9F10-3CC4D150735F} = {AA55DF9D-9161-4A07-A79D-E84A9C190843}
		{23B1D4C7-9114-41A0-9C57-571D67975BF3} = {AA55DF9D-9161-4A07-A79D-E84A9C190843}
		{CC9B7F18-0478-452C-AF8C-A7912177C7F3} = {7507EDDB-F4C9-4651-BE5F-CBD8E5275C25}
		{8151169D-6947-4073-8B20-D02FD022F619} = {7507EDDB-F4C9-4651-BE5F-CBD8E5275C25}
		{BDEF76AB-A3D1-4D0F-9366-77A4BD4744FF} = {A2990431-FD18-4941-9074-30E74B628BD2}
	EndGlobalSection
EndGlobal
